
Microsoft Visual Studio Solution File, Format Version 12.00
# Visual Studio Version 17
VisualStudioVersion = 17.5.002.0
MinimumVisualStudioVersion = 10.0.40219.1
Project("{9A19103F-16F7-4668-BE54-9A1E7A4F7556}") = "SimpleLists", "SimpleLists\SimpleLists.csproj", "{68009B64-AF8D-45A7-B2B8-24AADDF3A40E}"
EndProject
Project("{9A19103F-16F7-4668-BE54-9A1E7A4F7556}") = "SimpleListsTests", "SimpleListsTests\SimpleListsTests.csproj", "{3E69F2FB-9462-4ABF-855F-2635961270CC}"
EndProject
Global
	GlobalSection(SolutionConfigurationPlatforms) = preSolution
		Debug|Any CPU = Debug|Any CPU
		Release|Any CPU = Release|Any CPU
	EndGlobalSection
	GlobalSection(ProjectConfigurationPlatforms) = postSolution
		{68009B64-AF8D-45A7-B2B8-24AADDF3A40E}.Debug|Any CPU.ActiveCfg = Debug|Any CPU
		{68009B64-AF8D-45A7-B2B8-24AADDF3A40E}.Debug|Any CPU.Build.0 = Debug|Any CPU
		{68009B64-AF8D-45A7-B2B8-24AADDF3A40E}.Release|Any CPU.ActiveCfg = Release|Any CPU
		{68009B64-AF8D-45A7-B2B8-24AADDF3A40E}.Release|Any CPU.Build.0 = Release|Any CPU
		{3E69F2FB-9462-4ABF-855F-2635961270CC}.Debug|Any CPU.ActiveCfg = Debug|Any CPU
		{3E69F2FB-9462-4ABF-855F-2635961270CC}.Debug|Any CPU.Build.0 = Debug|Any CPU
		{3E69F2FB-9462-4ABF-855F-2635961270CC}.Release|Any CPU.ActiveCfg = Release|Any CPU
		{3E69F2FB-9462-4ABF-855F-2635961270CC}.Release|Any CPU.Build.0 = Release|Any CPU
	EndGlobalSection
	GlobalSection(SolutionProperties) = preSolution
		HideSolutionNode = FALSE
	EndGlobalSection
	GlobalSection(ExtensibilityGlobals) = postSolution
		SolutionGuid = {D7835C7B-F153-4582-BB93-81E2AF832494}
	EndGlobalSection
EndGlobal
